
Microsoft Visual Studio Solution File, Format Version 12.00
# Visual Studio Version 17
VisualStudioVersion = 17.4.33205.214
MinimumVisualStudioVersion = 10.0.40219.1
Project("{9A19103F-16F7-4668-BE54-9A1E7A4F7556}") = "Skybrud.Essentials", "Skybrud.Essentials\Skybrud.Essentials.csproj", "{EDEB8F09-B293-4D1B-BC36-AD6C8EF8D9BD}"
EndProject
Project("{FAE04EC0-301F-11D3-BF4B-00C04F79EFBC}") = "UnitTestProject1", "UnitTestProject1\UnitTestProject1.csproj", "{A160E1D0-5C6E-414D-BA75-06CC12FBFCEF}"
EndProject
Project("{2150E333-8FDC-42A3-9474-1A3956D46DE8}") = "Solution Items", "Solution Items", "{9B92441C-24CF-4901-AD1A-26338EAC414F}"
	ProjectSection(SolutionItems) = preProject
		.editorconfig = .editorconfig
	EndProjectSection
EndProject
Project("{FAE04EC0-301F-11D3-BF4B-00C04F79EFBC}") = "TestProject1", "TestProject1\TestProject1.csproj", "{8EAA7946-1878-4720-86F6-BEA03787ED8E}"
EndProject
Global
	GlobalSection(SolutionConfigurationPlatforms) = preSolution
		Debug|Any CPU = Debug|Any CPU
		Release|Any CPU = Release|Any CPU
	EndGlobalSection
	GlobalSection(ProjectConfigurationPlatforms) = postSolution
		{EDEB8F09-B293-4D1B-BC36-AD6C8EF8D9BD}.Debug|Any CPU.ActiveCfg = Debug|Any CPU
		{EDEB8F09-B293-4D1B-BC36-AD6C8EF8D9BD}.Debug|Any CPU.Build.0 = Debug|Any CPU
		{EDEB8F09-B293-4D1B-BC36-AD6C8EF8D9BD}.Release|Any CPU.ActiveCfg = Release|Any CPU
		{EDEB8F09-B293-4D1B-BC36-AD6C8EF8D9BD}.Release|Any CPU.Build.0 = Release|Any CPU
		{A160E1D0-5C6E-414D-BA75-06CC12FBFCEF}.Debug|Any CPU.ActiveCfg = Debug|Any CPU
		{A160E1D0-5C6E-414D-BA75-06CC12FBFCEF}.Debug|Any CPU.Build.0 = Debug|Any CPU
		{A160E1D0-5C6E-414D-BA75-06CC12FBFCEF}.Release|Any CPU.ActiveCfg = Release|Any CPU
		{A160E1D0-5C6E-414D-BA75-06CC12FBFCEF}.Release|Any CPU.Build.0 = Release|Any CPU
		{8EAA7946-1878-4720-86F6-BEA03787ED8E}.Debug|Any CPU.ActiveCfg = Debug|Any CPU
		{8EAA7946-1878-4720-86F6-BEA03787ED8E}.Debug|Any CPU.Build.0 = Debug|Any CPU
		{8EAA7946-1878-4720-86F6-BEA03787ED8E}.Release|Any CPU.ActiveCfg = Release|Any CPU
		{8EAA7946-1878-4720-86F6-BEA03787ED8E}.Release|Any CPU.Build.0 = Release|Any CPU
	EndGlobalSection
	GlobalSection(SolutionProperties) = preSolution
		HideSolutionNode = FALSE
	EndGlobalSection
	GlobalSection(ExtensibilityGlobals) = postSolution
		SolutionGuid = {30E78DD3-F8A6-43EC-A574-2E9E4B11EC38}
	EndGlobalSection
EndGlobal
